{
  "nodes": {
    "agenix": {
      "inputs": {
        "darwin": [],
        "home-manager": [
          "home-manager"
        ],
        "nixpkgs": [
          "nixpkgs"
        ],
        "systems": [
          "systems"
        ]
      },
      "locked": {
        "lastModified": 1761656077,
        "narHash": "sha256-lsNWuj4Z+pE7s0bd2OKicOFq9bK86JE0ZGeKJbNqb94=",
        "owner": "ryantm",
        "repo": "agenix",
        "rev": "9ba0d85de3eaa7afeab493fed622008b6e4924f5",
        "type": "github"
      },
      "original": {
        "owner": "ryantm",
        "repo": "agenix",
        "type": "github"
      }
    },
    "clipshare": {
      "inputs": {
        "flake-utils": [
          "flake-utils"
        ],
        "nixpkgs": [
          "nixpkgs"
        ]
      },
      "locked": {
        "lastModified": 1760261725,
        "narHash": "sha256-1CyM8tGRyi+b5lhm0+2TMg2WsJaLvMM5ovuXe65U/kc=",
        "owner": "aldur",
        "repo": "clipshare",
        "rev": "5ea1ce9f056dfcfb816071355876425314972d0c",
        "type": "github"
      },
      "original": {
        "owner": "aldur",
        "repo": "clipshare",
        "type": "github"
      }
    },
    "dashp": {
      "inputs": {
        "nixpkgs": [
          "nixpkgs"
        ]
      },
      "locked": {
        "lastModified": 1759654643,
        "narHash": "sha256-SHFjYHHT7BmNLRL9mgfB/9qyp5xQeI/YCxCPePPg9j0=",
        "owner": "aldur",
        "repo": "dashp",
        "rev": "200647e0dbabaf5de1cfd5e8d13df7a7f5940aa1",
        "type": "github"
      },
      "original": {
        "owner": "aldur",
        "repo": "dashp",
        "type": "github"
      }
    },
    "flake-parts": {
      "inputs": {
        "nixpkgs-lib": [
          "neovim-nightly-overlay",
          "nixpkgs"
        ]
      },
      "locked": {
        "lastModified": 1760948891,
        "narHash": "sha256-TmWcdiUUaWk8J4lpjzu4gCGxWY6/Ok7mOK4fIFfBuU4=",
        "owner": "hercules-ci",
        "repo": "flake-parts",
        "rev": "864599284fc7c0ba6357ed89ed5e2cd5040f0c04",
        "type": "github"
      },
      "original": {
        "owner": "hercules-ci",
        "repo": "flake-parts",
        "type": "github"
      }
    },
    "flake-utils": {
      "inputs": {
        "systems": [
          "systems"
        ]
      },
      "locked": {
        "lastModified": 1731533236,
        "narHash": "sha256-l0KFg5HjrsfsO/JpG+r7fRrqm12kzFHyUHqHCVpMMbI=",
        "owner": "numtide",
        "repo": "flake-utils",
        "rev": "11707dc2f618dd54ca8739b309ec4fc024de578b",
        "type": "github"
      },
      "original": {
        "owner": "numtide",
        "repo": "flake-utils",
        "type": "github"
      }
    },
    "home-manager": {
      "inputs": {
        "nixpkgs": [
          "nixpkgs"
        ]
      },
      "locked": {
        "lastModified": 1761878381,
        "narHash": "sha256-lCRaipHgszaFZ1Cs8fdGJguVycCisBAf2HEFgip5+xU=",
        "owner": "nix-community",
        "repo": "home-manager",
        "rev": "4ac96eb21c101a3e5b77ba105febc5641a8959aa",
        "type": "github"
      },
      "original": {
        "owner": "nix-community",
        "repo": "home-manager",
        "type": "github"
      }
    },
    "neovim-nightly-overlay": {
      "inputs": {
        "flake-parts": "flake-parts",
        "neovim-src": "neovim-src",
        "nixpkgs": [
          "nixpkgs"
        ]
      },
      "locked": {
        "lastModified": 1761955453,
        "narHash": "sha256-hQomzSbBiFsDXDMCjHmWXrAMgFlQlCiy7T37Eq7RvT4=",
        "owner": "nix-community",
        "repo": "neovim-nightly-overlay",
        "rev": "c58076a0d9b24bf77fef4fa2e7c43950914edf71",
        "type": "github"
      },
      "original": {
        "owner": "nix-community",
        "repo": "neovim-nightly-overlay",
        "type": "github"
      }
    },
    "neovim-src": {
      "flake": false,
      "locked": {
        "lastModified": 1761949631,
        "narHash": "sha256-YgMQaFD4L9+PEYSkUlBkqaKt+ALPHiVgzgRbjOSW4tE=",
        "owner": "neovim",
        "repo": "neovim",
        "rev": "1fddd74da7428e38b79ccb817dbd6952ff1d8ac6",
        "type": "github"
      },
      "original": {
        "owner": "neovim",
        "repo": "neovim",
        "type": "github"
      }
    },
    "nix-index-database": {
      "inputs": {
        "nixpkgs": [
          "nixpkgs"
        ]
      },
      "locked": {
        "lastModified": 1761451000,
        "narHash": "sha256-qBJL6xEIjqYq9zOcG2vf2nPTeVBppNJzvO0LuQWMwMo=",
        "owner": "nix-community",
        "repo": "nix-index-database",
        "rev": "ed6b293161b378a7368cda38659eb8d3d9a0dac4",
        "type": "github"
      },
      "original": {
        "owner": "nix-community",
        "repo": "nix-index-database",
        "type": "github"
      }
    },
    "nixCats": {
      "locked": {
        "lastModified": 1761732732,
        "narHash": "sha256-AP3KzTaFXFLjWWXysSnVTXUaGuC3hkUQZSlxUdGsLSs=",
        "owner": "BirdeeHub",
        "repo": "nixCats-nvim",
        "rev": "6307455a6ccceadb9f873fc51d4cf7cd39bdace5",
        "type": "github"
      },
      "original": {
        "owner": "BirdeeHub",
        "repo": "nixCats-nvim",
        "type": "github"
      }
    },
    "nixpkgs": {
      "locked": {
        "lastModified": 1761907660,
        "narHash": "sha256-kJ8lIZsiPOmbkJypG+B5sReDXSD1KGu2VEPNqhRa/ew=",
        "owner": "NixOS",
        "repo": "nixpkgs",
        "rev": "2fb006b87f04c4d3bdf08cfdbc7fab9c13d94a15",
        "type": "github"
      },
      "original": {
        "id": "nixpkgs",
        "ref": "nixos-unstable",
        "type": "indirect"
      }
    },
    "nvim-treesitter": {
      "flake": false,
      "locked": {
        "lastModified": 1761385693,
        "narHash": "sha256-/SGikTPEMxI7rcfGvuJlNZs73/wZiQx14QX9xlfsTv0=",
        "owner": "nvim-treesitter",
        "repo": "nvim-treesitter",
        "rev": "98fe644cb3b5ba390d1bc3f89299f93c70020803",
        "type": "github"
      },
      "original": {
        "owner": "nvim-treesitter",
        "ref": "main",
        "repo": "nvim-treesitter",
        "type": "github"
      }
    },
    "nvim-treesitter-main": {
      "inputs": {
        "nixpkgs": [
          "nixpkgs"
        ],
        "nvim-treesitter": "nvim-treesitter",
        "nvim-treesitter-textobjects": "nvim-treesitter-textobjects"
      },
      "locked": {
        "lastModified": 1761496664,
        "narHash": "sha256-xTQUiJu0jJNSEHEv4La1HbaFokup0eWr67Kqf/wDENA=",
        "owner": "iofq",
        "repo": "nvim-treesitter-main",
        "rev": "834d66648bb7a96a2ad11d53a33f2d9b13766447",
        "type": "github"
      },
      "original": {
        "owner": "iofq",
        "repo": "nvim-treesitter-main",
        "type": "github"
      }
    },
    "nvim-treesitter-textobjects": {
      "flake": false,
      "locked": {
        "lastModified": 1756368113,
        "narHash": "sha256-+KmOpRi4JAqm6UqYdtk80jwFrJhLCs0lZM/Liofq0R4=",
        "owner": "nvim-treesitter",
        "repo": "nvim-treesitter-textobjects",
        "rev": "1b2d85d3de6114c4bcea89ffb2cd1ce9e3a19931",
        "type": "github"
      },
      "original": {
        "owner": "nvim-treesitter",
        "ref": "main",
        "repo": "nvim-treesitter-textobjects",
        "type": "github"
      }
    },
    "root": {
      "inputs": {
        "agenix": "agenix",
        "clipshare": "clipshare",
        "dashp": "dashp",
        "flake-utils": "flake-utils",
        "home-manager": "home-manager",
        "neovim-nightly-overlay": "neovim-nightly-overlay",
        "nix-index-database": "nix-index-database",
        "nixCats": "nixCats",
        "nixpkgs": "nixpkgs",
        "nvim-treesitter-main": "nvim-treesitter-main",
        "systems": "systems"
      }
    },
    "systems": {
      "locked": {
        "lastModified": 1681028828,
        "narHash": "sha256-Vy1rq5AaRuLzOxct8nz4T6wlgyUR7zLU309k9mBC768=",
        "owner": "nix-systems",
        "repo": "default",
        "rev": "da67096a3b9bf56a91d16901293e51ba5b49a27e",
        "type": "github"
      },
      "original": {
        "owner": "nix-systems",
        "repo": "default",
        "type": "github"
      }
    }
  },
  "root": "root",
  "version": 7
}
