{
  "nodes": {
    "agenix": {
      "inputs": {
        "darwin": [],
        "home-manager": [
          "home-manager"
        ],
        "nixpkgs": [
          "nixpkgs"
        ],
        "systems": [
          "systems"
        ]
      },
      "locked": {
        "lastModified": 1770165109,
        "narHash": "sha256-9VnK6Oqai65puVJ4WYtCTvlJeXxMzAp/69HhQuTdl/I=",
        "owner": "ryantm",
        "repo": "agenix",
        "rev": "b027ee29d959fda4b60b57566d64c98a202e0feb",
        "type": "github"
      },
      "original": {
        "owner": "ryantm",
        "repo": "agenix",
        "type": "github"
      }
    },
    "clipshare": {
      "inputs": {
        "flake-utils": [
          "flake-utils"
        ],
        "nixpkgs": [
          "nixpkgs"
        ]
      },
      "locked": {
        "lastModified": 1780687051,
        "narHash": "sha256-WnUipSSUP+dx7jwuo4V3a0r6z1nUg3ivWyLyFX+TNdo=",
        "owner": "aldur",
        "repo": "clipshare",
        "rev": "98cd16f5b55888526cc1cb28ee61a9697033262f",
        "type": "github"
      },
      "original": {
        "owner": "aldur",
        "repo": "clipshare",
        "type": "github"
      }
    },
    "dashp": {
      "inputs": {
        "nixpkgs": [
          "nixpkgs"
        ]
      },
      "locked": {
        "lastModified": 1763314327,
        "narHash": "sha256-zZli1izZzfafYZXE2xir1+Lct5GAbOtGoMXLVlobijk=",
        "owner": "aldur",
        "repo": "dashp",
        "rev": "4138d3b67f861e2269129176791f68d04771790c",
        "type": "github"
      },
      "original": {
        "owner": "aldur",
        "repo": "dashp",
        "type": "github"
      }
    },
    "detnix": {
      "inputs": {
        "flake-parts": [],
        "git-hooks-nix": [],
        "nixpkgs": "nixpkgs",
        "nixpkgs-23-11": [],
        "nixpkgs-regression": []
      },
      "locked": {
        "lastModified": 1787846681,
        "narHash": "sha256-iV/xLeGpdfEzbKuqHLrNf5XO+vwbXnzUgZdsZMiTzbA=",
        "owner": "DeterminateSystems",
        "repo": "nix-src",
        "rev": "a1664bc15b3151091df9a8a12ebf56f7b66518c7",
        "type": "github"
      },
      "original": {
        "owner": "DeterminateSystems",
        "repo": "nix-src",
        "type": "github"
      }
    },
    "flake-utils": {
      "inputs": {
        "systems": [
          "systems"
        ]
      },
      "locked": {
        "lastModified": 1731533236,
        "narHash": "sha256-l0KFg5HjrsfsO/JpG+r7fRrqm12kzFHyUHqHCVpMMbI=",
        "owner": "numtide",
        "repo": "flake-utils",
        "rev": "11707dc2f618dd54ca8739b309ec4fc024de578b",
        "type": "github"
      },
      "original": {
        "owner": "numtide",
        "repo": "flake-utils",
        "type": "github"
      }
    },
    "gh-signing-keys": {
      "flake": false,
      "locked": {
        "narHash": "sha256-se65vQP9ypXDnXUAW/prNtPqNyeuHJjUgvuYxxMgGrw=",
        "type": "file",
        "url": "https://api.github.com/users/aldur/ssh_signing_keys"
      },
      "original": {
        "type": "file",
        "url": "https://api.github.com/users/aldur/ssh_signing_keys"
      }
    },
    "home-manager": {
      "inputs": {
        "nixpkgs": [
          "nixpkgs"
        ]
      },
      "locked": {
        "lastModified": 1787377438,
        "narHash": "sha256-Sxu1NLTD/Ern6hFGLlZmtKCSct3YQXZI/lls8RE1XeM=",
        "owner": "nix-community",
        "repo": "home-manager",
        "rev": "65258d5c65a250189fde2e35f490d15e064c4c62",
        "type": "github"
      },
      "original": {
        "owner": "nix-community",
        "ref": "release-26.05",
        "repo": "home-manager",
        "type": "github"
      }
    },
    "nix-index-database": {
      "inputs": {
        "nixpkgs": [
          "nixpkgs"
        ]
      },
      "locked": {
        "lastModified": 1787457452,
        "narHash": "sha256-FJh4esFS3zqNNuKwvN3t6wrJGewqp1AUF9DAEvoKPD8=",
        "owner": "nix-community",
        "repo": "nix-index-database",
        "rev": "c51d5c2ba69c907a34e90c9b6b80cd2b93811745",
        "type": "github"
      },
      "original": {
        "owner": "nix-community",
        "repo": "nix-index-database",
        "type": "github"
      }
    },
    "nixCats": {
      "locked": {
        "lastModified": 1787720571,
        "narHash": "sha256-jvoTU61m2p2knJMIvDwWqkhf5CrmKCkiCO0KR3GIryw=",
        "owner": "BirdeeHub",
        "repo": "nixCats-nvim",
        "rev": "8fcebab53bfe800b963e8db5e28b63baa65850d3",
        "type": "github"
      },
      "original": {
        "owner": "BirdeeHub",
        "repo": "nixCats-nvim",
        "type": "github"
      }
    },
    "nixpkgs": {
      "locked": {
        "lastModified": 1784160687,
        "narHash": "sha256-iYL/bixrb6FlHFu/gIuBYzq6c6lM5AAXsXNSWXtIgQc=",
        "rev": "4382ed2b7a6839d4280a9b386db49cbc5907414d",
        "revCount": 1009383,
        "type": "tarball",
        "url": "https://api.flakehub.com/f/pinned/NixOS/nixpkgs/0.2605.1009383%2Brev-4382ed2b7a6839d4280a9b386db49cbc5907414d/019f6c11-ad78-7500-a194-d18a5bad0fbe/source.tar.gz"
      },
      "original": {
        "type": "tarball",
        "url": "https://flakehub.com/f/NixOS/nixpkgs/0.2605"
      }
    },
    "nixpkgs-darwin": {
      "locked": {
        "lastModified": 1787940818,
        "narHash": "sha256-vFzVv78WlyEbTyV5BbrnicnV159wC0YPOcBe3QagyBI=",
        "owner": "NixOS",
        "repo": "nixpkgs",
        "rev": "f6107e546a5012172d93e79f1f7950da02ad798f",
        "type": "github"
      },
      "original": {
        "owner": "NixOS",
        "ref": "nixpkgs-26.05-darwin",
        "repo": "nixpkgs",
        "type": "github"
      }
    },
    "nixpkgs-unstable": {
      "locked": {
        "lastModified": 1787736819,
        "narHash": "sha256-cV5xEJJK3BvhU8rEd4mC9UsmDi5qscv/kzGPhBRC5WA=",
        "owner": "NixOS",
        "repo": "nixpkgs",
        "rev": "9fbb54b33e91ee4ca368e35a78e0613c720600b3",
        "type": "github"
      },
      "original": {
        "owner": "NixOS",
        "ref": "nixos-unstable",
        "repo": "nixpkgs",
        "type": "github"
      }
    },
    "nixpkgs_2": {
      "locked": {
        "lastModified": 1787848966,
        "narHash": "sha256-7gDpu5hpq0rOYnYMcOWqSzquK4HA/xU8Xf3CjUBOOJA=",
        "owner": "NixOS",
        "repo": "nixpkgs",
        "rev": "d57af924f160a5084293c71c2043f058bd1cdb60",
        "type": "github"
      },
      "original": {
        "owner": "NixOS",
        "ref": "nixos-26.05",
        "repo": "nixpkgs",
        "type": "github"
      }
    },
    "preservation": {
      "locked": {
        "lastModified": 1757436102,
        "narHash": "sha256-mMI9IanU+Xw+pVogD2oT0I2kTmvz2Un/Apc5+CwUpEY=",
        "owner": "nix-community",
        "repo": "preservation",
        "rev": "93416f4614ad2dfed5b0dcf12f27e57d27a5ab11",
        "type": "github"
      },
      "original": {
        "owner": "nix-community",
        "repo": "preservation",
        "type": "github"
      }
    },
    "root": {
      "inputs": {
        "agenix": "agenix",
        "clipshare": "clipshare",
        "dashp": "dashp",
        "detnix": "detnix",
        "flake-utils": "flake-utils",
        "gh-signing-keys": "gh-signing-keys",
        "home-manager": "home-manager",
        "nix-index-database": "nix-index-database",
        "nixCats": "nixCats",
        "nixpkgs": "nixpkgs_2",
        "nixpkgs-darwin": "nixpkgs-darwin",
        "nixpkgs-unstable": "nixpkgs-unstable",
        "preservation": "preservation",
        "systems": "systems"
      }
    },
    "systems": {
      "locked": {
        "lastModified": 1681028828,
        "narHash": "sha256-Vy1rq5AaRuLzOxct8nz4T6wlgyUR7zLU309k9mBC768=",
        "owner": "nix-systems",
        "repo": "default",
        "rev": "da67096a3b9bf56a91d16901293e51ba5b49a27e",
        "type": "github"
      },
      "original": {
        "owner": "nix-systems",
        "repo": "default",
        "type": "github"
      }
    }
  },
  "root": "root",
  "version": 7
}
