{
  "nodes": {
    "agenix": {
      "inputs": {
        "nixpkgs": [
          "nixpkgs"
        ]
      },
      "locked": {
        "lastModified": 1790555459,
        "narHash": "sha256-ftyJcr21FzMLq4hnzg3COo7gITOkJ4j+ey0miWCTU3U=",
        "owner": "ryantm",
        "repo": "agenix",
        "rev": "b485690a7c97b3793a41dd57edfb05ac84343813",
        "type": "github"
      },
      "original": {
        "owner": "ryantm",
        "repo": "agenix",
        "type": "github"
      }
    },
    "bdwgc": {
      "flake": false,
      "locked": {
        "lastModified": 1790015987,
        "narHash": "sha256-bPVosUgucJR0hGSap3tJW84AR6eGYegVROV+O8VYX5A=",
        "owner": "DeterminateSystems",
        "repo": "bdwgc",
        "rev": "373957929b9ca3b2ae69a3e16b830c44c15b42ca",
        "type": "github"
      },
      "original": {
        "owner": "DeterminateSystems",
        "ref": "user-defined-stacks",
        "repo": "bdwgc",
        "type": "github"
      }
    },
    "clipshare": {
      "inputs": {
        "flake-utils": [
          "flake-utils"
        ],
        "nixpkgs": [
          "nixpkgs"
        ]
      },
      "locked": {
        "lastModified": 1780687051,
        "narHash": "sha256-WnUipSSUP+dx7jwuo4V3a0r6z1nUg3ivWyLyFX+TNdo=",
        "owner": "aldur",
        "repo": "clipshare",
        "rev": "98cd16f5b55888526cc1cb28ee61a9697033262f",
        "type": "github"
      },
      "original": {
        "owner": "aldur",
        "repo": "clipshare",
        "type": "github"
      }
    },
    "dashp": {
      "inputs": {
        "nixpkgs": [
          "nixpkgs"
        ]
      },
      "locked": {
        "lastModified": 1763314327,
        "narHash": "sha256-zZli1izZzfafYZXE2xir1+Lct5GAbOtGoMXLVlobijk=",
        "owner": "aldur",
        "repo": "dashp",
        "rev": "4138d3b67f861e2269129176791f68d04771790c",
        "type": "github"
      },
      "original": {
        "owner": "aldur",
        "repo": "dashp",
        "type": "github"
      }
    },
    "detnix": {
      "inputs": {
        "bdwgc": "bdwgc",
        "flake-parts": [],
        "git-hooks-nix": [],
        "nixpkgs": [
          "nixpkgs"
        ],
        "nixpkgs-23-11": [],
        "nixpkgs-regression": []
      },
      "locked": {
        "lastModified": 1790400991,
        "narHash": "sha256-ngQCk0dy3pA3WNhSNya9mnEELalTVqpp49jGvUNtF3k=",
        "owner": "DeterminateSystems",
        "repo": "nix-src",
        "rev": "561dc6e86828a916626d4cead0605665bd0cdac2",
        "type": "github"
      },
      "original": {
        "owner": "DeterminateSystems",
        "repo": "nix-src",
        "type": "github"
      }
    },
    "flake-utils": {
      "inputs": {
        "systems": [
          "systems"
        ]
      },
      "locked": {
        "lastModified": 1731533236,
        "narHash": "sha256-l0KFg5HjrsfsO/JpG+r7fRrqm12kzFHyUHqHCVpMMbI=",
        "owner": "numtide",
        "repo": "flake-utils",
        "rev": "11707dc2f618dd54ca8739b309ec4fc024de578b",
        "type": "github"
      },
      "original": {
        "owner": "numtide",
        "repo": "flake-utils",
        "type": "github"
      }
    },
    "gh-signing-keys": {
      "flake": false,
      "locked": {
        "narHash": "sha256-se65vQP9ypXDnXUAW/prNtPqNyeuHJjUgvuYxxMgGrw=",
        "type": "file",
        "url": "https://api.github.com/users/aldur/ssh_signing_keys"
      },
      "original": {
        "type": "file",
        "url": "https://api.github.com/users/aldur/ssh_signing_keys"
      }
    },
    "home-manager": {
      "inputs": {
        "nixpkgs": [
          "nixpkgs"
        ]
      },
      "locked": {
        "lastModified": 1790215976,
        "narHash": "sha256-VkR1rMGyjU9jtw8ISFx5uqR9e+LEaOlhHwrseFkiIVk=",
        "owner": "nix-community",
        "repo": "home-manager",
        "rev": "a6631107a83ceab5872f298a2ea710859c80c4cb",
        "type": "github"
      },
      "original": {
        "owner": "nix-community",
        "ref": "release-26.05",
        "repo": "home-manager",
        "type": "github"
      }
    },
    "nix-index-database": {
      "inputs": {
        "nixpkgs": [
          "nixpkgs"
        ]
      },
      "locked": {
        "lastModified": 1790499302,
        "narHash": "sha256-Gbf/U9ptJhQh0qnDnJ/+a8MAcq1HXunbArUTHR2wNYk=",
        "owner": "nix-community",
        "repo": "nix-index-database",
        "rev": "161d7c91accd93034bb3c295224d9d895a778573",
        "type": "github"
      },
      "original": {
        "owner": "nix-community",
        "repo": "nix-index-database",
        "type": "github"
      }
    },
    "nixCats": {
      "locked": {
        "lastModified": 1787720571,
        "narHash": "sha256-jvoTU61m2p2knJMIvDwWqkhf5CrmKCkiCO0KR3GIryw=",
        "owner": "BirdeeHub",
        "repo": "nixCats-nvim",
        "rev": "8fcebab53bfe800b963e8db5e28b63baa65850d3",
        "type": "github"
      },
      "original": {
        "owner": "BirdeeHub",
        "repo": "nixCats-nvim",
        "type": "github"
      }
    },
    "nixpkgs": {
      "locked": {
        "lastModified": 1791426274,
        "narHash": "sha256-MWhktfFtFE8Jl7bf9Pkp7TR5MSdYCjCswSo0Gkb4ywc=",
        "owner": "NixOS",
        "repo": "nixpkgs",
        "rev": "7c8764b7c7b09b34f632464276218ef9090eaa11",
        "type": "github"
      },
      "original": {
        "owner": "NixOS",
        "ref": "nixos-26.05",
        "repo": "nixpkgs",
        "type": "github"
      }
    },
    "nixpkgs-darwin": {
      "locked": {
        "lastModified": 1790537679,
        "narHash": "sha256-9hAb5Jkjv5uV3C7IOsfdagIh6IXosWXsdfeJVaZ6P04=",
        "owner": "NixOS",
        "repo": "nixpkgs",
        "rev": "04f2338dd72b93278448fb3e3e5cd71af207edb9",
        "type": "github"
      },
      "original": {
        "owner": "NixOS",
        "ref": "nixpkgs-26.05-darwin",
        "repo": "nixpkgs",
        "type": "github"
      }
    },
    "nixpkgs-unstable": {
      "locked": {
        "lastModified": 1790463110,
        "narHash": "sha256-hKlVl12B1dF0Q5vd9dY3lIJM5mFGWYSlXwSLAqHZ1+s=",
        "owner": "NixOS",
        "repo": "nixpkgs",
        "rev": "e158d9ed9b51c98974c5e66e1ba1c9e0255fecaa",
        "type": "github"
      },
      "original": {
        "owner": "NixOS",
        "ref": "nixos-unstable",
        "repo": "nixpkgs",
        "type": "github"
      }
    },
    "preservation": {
      "locked": {
        "lastModified": 1757436102,
        "narHash": "sha256-mMI9IanU+Xw+pVogD2oT0I2kTmvz2Un/Apc5+CwUpEY=",
        "owner": "nix-community",
        "repo": "preservation",
        "rev": "93416f4614ad2dfed5b0dcf12f27e57d27a5ab11",
        "type": "github"
      },
      "original": {
        "owner": "nix-community",
        "repo": "preservation",
        "type": "github"
      }
    },
    "root": {
      "inputs": {
        "agenix": "agenix",
        "clipshare": "clipshare",
        "dashp": "dashp",
        "detnix": "detnix",
        "flake-utils": "flake-utils",
        "gh-signing-keys": "gh-signing-keys",
        "home-manager": "home-manager",
        "nix-index-database": "nix-index-database",
        "nixCats": "nixCats",
        "nixpkgs": "nixpkgs",
        "nixpkgs-darwin": "nixpkgs-darwin",
        "nixpkgs-unstable": "nixpkgs-unstable",
        "preservation": "preservation",
        "systems": "systems"
      }
    },
    "systems": {
      "locked": {
        "lastModified": 1681028828,
        "narHash": "sha256-Vy1rq5AaRuLzOxct8nz4T6wlgyUR7zLU309k9mBC768=",
        "owner": "nix-systems",
        "repo": "default",
        "rev": "da67096a3b9bf56a91d16901293e51ba5b49a27e",
        "type": "github"
      },
      "original": {
        "owner": "nix-systems",
        "repo": "default",
        "type": "github"
      }
    }
  },
  "root": "root",
  "version": 7
}
