{
  "nodes": {
    "brew-src": {
      "flake": false,
      "locked": {
        "lastModified": 1731323744,
        "narHash": "sha256-SxUQm4cTHcaoPQHoXe26ZV8cZiMWBGow8MjE4L+MckM=",
        "owner": "Homebrew",
        "repo": "brew",
        "rev": "254bf3fe9d8fa2e1b2fb55dbcf535b2d870180c4",
        "type": "github"
      },
      "original": {
        "owner": "Homebrew",
        "ref": "4.4.5",
        "repo": "brew",
        "type": "github"
      }
    },
    "homebrew-bundle": {
      "flake": false,
      "locked": {
        "lastModified": 1739226517,
        "narHash": "sha256-FqXeSNDCSVJL2eULAndW42do0sYwZgXob6CmqSRjr1U=",
        "owner": "homebrew",
        "repo": "homebrew-bundle",
        "rev": "770e3a61ddee249668cd458d7ce124b00fb82e3d",
        "type": "github"
      },
      "original": {
        "owner": "homebrew",
        "repo": "homebrew-bundle",
        "type": "github"
      }
    },
    "homebrew-cask": {
      "flake": false,
      "locked": {
        "lastModified": 1739266026,
        "narHash": "sha256-hfbNI4mVvtzEIgBrP2EvEN01ebT5pqD7GIfX/P03grk=",
        "owner": "homebrew",
        "repo": "homebrew-cask",
        "rev": "b2e9b288e546f97e687d0a021e1fb165622c229a",
        "type": "github"
      },
      "original": {
        "owner": "homebrew",
        "repo": "homebrew-cask",
        "type": "github"
      }
    },
    "homebrew-core": {
      "flake": false,
      "locked": {
        "lastModified": 1739263742,
        "narHash": "sha256-+Ei7wKSqNx3hpWd45QUvMz4lviy56Pfd4lg1d6rqJF0=",
        "owner": "homebrew",
        "repo": "homebrew-core",
        "rev": "84dafd4cfc572c86f6177357969b90eb2ee0bc73",
        "type": "github"
      },
      "original": {
        "owner": "homebrew",
        "repo": "homebrew-core",
        "type": "github"
      }
    },
    "nix-darwin": {
      "inputs": {
        "nixpkgs": [
          "nixpkgs"
        ]
      },
      "locked": {
        "lastModified": 1739229629,
        "narHash": "sha256-zUWKsviMuelgB4PJNJuLZi/yvHnaLb1wZ9mOATjj9eM=",
        "owner": "LnL7",
        "repo": "nix-darwin",
        "rev": "a36049dac55b6b00536ce8fb601ad3dd1cd8ba8c",
        "type": "github"
      },
      "original": {
        "owner": "LnL7",
        "repo": "nix-darwin",
        "type": "github"
      }
    },
    "nix-homebrew": {
      "inputs": {
        "brew-src": "brew-src",
        "nix-darwin": [
          "nix-darwin"
        ],
        "nixpkgs": [
          "nixpkgs"
        ]
      },
      "locked": {
        "lastModified": 1736041957,
        "narHash": "sha256-Kk/cVtkxwfHNoB6nINUarMLTtyAEvH+ohzxKBptMzzg=",
        "owner": "zhaofengli-wip",
        "repo": "nix-homebrew",
        "rev": "a6d99cc7436fc18c097b3536d9c45c0548c694c8",
        "type": "github"
      },
      "original": {
        "owner": "zhaofengli-wip",
        "repo": "nix-homebrew",
        "type": "github"
      }
    },
    "nixpkgs": {
      "locked": {
        "lastModified": 1739266049,
        "narHash": "sha256-TPDAWOIAPg4j35ihLY5b8liX763ueR/JwbE9FQ9oO0U=",
        "owner": "NixOS",
        "repo": "nixpkgs",
        "rev": "f7b6b2c3848357a21323235eb57355b56f02ccb8",
        "type": "github"
      },
      "original": {
        "owner": "NixOS",
        "repo": "nixpkgs",
        "type": "github"
      }
    },
    "root": {
      "inputs": {
        "homebrew-bundle": "homebrew-bundle",
        "homebrew-cask": "homebrew-cask",
        "homebrew-core": "homebrew-core",
        "nix-darwin": "nix-darwin",
        "nix-homebrew": "nix-homebrew",
        "nixpkgs": "nixpkgs"
      }
    }
  },
  "root": "root",
  "version": 7
}
